
Microsoft Visual Studio Solution File, Format Version 12.00
# Visual Studio Version 17
VisualStudioVersion = 17.0.31903.59
MinimumVisualStudioVersion = 10.0.40219.1
Project("{2150E333-8FDC-42A3-9474-1A3956D46DE8}") = "Onboarding", "Onboarding", "{B3EFC816-CF27-48BF-9B00-3B6A3EBB8913}"
	ProjectSection(SolutionItems) = preProject
		Onboarding\API\Extensions\DatabaseSeederExtensions.cs = Onboarding\API\Extensions\DatabaseSeederExtensions.cs
	EndProjectSection
EndProject
Project("{9A19103F-16F7-4668-BE54-9A1E7A4F7556}") = "Domain", "Onboarding\Domain\Domain.csproj", "{6EA1CE5E-47AB-424D-A6E4-3A047EB5BE45}"
EndProject
Project("{9A19103F-16F7-4668-BE54-9A1E7A4F7556}") = "Infrastructure", "Onboarding\Infrastructure\Infrastructure.csproj", "{00AC6449-7DE5-447A-AF15-E13C5A3BA595}"
EndProject
Project("{2150E333-8FDC-42A3-9474-1A3956D46DE8}") = "ProductManager", "ProductManager", "{3F8A6DDC-B9F8-438D-9571-27F65CA7FE8B}"
EndProject
Project("{9A19103F-16F7-4668-BE54-9A1E7A4F7556}") = "Domain", "ProductManager\Domain\Domain.csproj", "{BF8A1B17-0A7F-4307-A323-6B61F3AA7276}"
EndProject
Project("{9A19103F-16F7-4668-BE54-9A1E7A4F7556}") = "Infrastructure", "ProductManager\Infrastructure\Infrastructure.csproj", "{50C49320-576C-4757-8ED8-19F6BBF01369}"
EndProject
Project("{9A19103F-16F7-4668-BE54-9A1E7A4F7556}") = "Application", "ProductManager\Application\Application.csproj", "{FCD5A8F1-CDAF-4A6B-ADE4-69C0BCA808AF}"
EndProject
Project("{9A19103F-16F7-4668-BE54-9A1E7A4F7556}") = "Application", "Onboarding\Application\Application.csproj", "{861AC96E-934C-47EA-82E1-18B4F27262C3}"
EndProject
Project("{9A19103F-16F7-4668-BE54-9A1E7A4F7556}") = "API", "Onboarding\API\API.csproj", "{45E65FF8-A3BD-4E6A-931F-D92C6B51A3A6}"
EndProject
Project("{9A19103F-16F7-4668-BE54-9A1E7A4F7556}") = "API", "ProductManager\API\API.csproj", "{197DA08C-97F3-4C4F-865F-40B910774276}"
EndProject
Project("{2150E333-8FDC-42A3-9474-1A3956D46DE8}") = "OrderManager", "OrderManager", "{62115AD2-5369-4FF4-B76F-D058612C41E0}"
EndProject
Project("{FAE04EC0-301F-11D3-BF4B-00C04F79EFBC}") = "Domain", "OrderManager\Domain\Domain.csproj", "{D4310A89-A453-4C5C-B4B2-A33CF2A9D1B3}"
EndProject
Project("{FAE04EC0-301F-11D3-BF4B-00C04F79EFBC}") = "Infrastructure", "OrderManager\Infrastructure\Infrastructure.csproj", "{33B6387D-AA57-464D-A41A-596EB7ECB1A0}"
EndProject
Project("{FAE04EC0-301F-11D3-BF4B-00C04F79EFBC}") = "Application", "OrderManager\Application\Application.csproj", "{FE0FEFCB-748D-41FB-B4AE-454AB017E9BE}"
EndProject
Project("{FAE04EC0-301F-11D3-BF4B-00C04F79EFBC}") = "API", "OrderManager\API\API.csproj", "{666066D0-8D9C-4D2D-A586-BD89194137CE}"
EndProject
Global
	GlobalSection(SolutionConfigurationPlatforms) = preSolution
		Debug|Any CPU = Debug|Any CPU
		Release|Any CPU = Release|Any CPU
	EndGlobalSection
	GlobalSection(ProjectConfigurationPlatforms) = postSolution
		{6EA1CE5E-47AB-424D-A6E4-3A047EB5BE45}.Debug|Any CPU.ActiveCfg = Debug|Any CPU
		{6EA1CE5E-47AB-424D-A6E4-3A047EB5BE45}.Debug|Any CPU.Build.0 = Debug|Any CPU
		{6EA1CE5E-47AB-424D-A6E4-3A047EB5BE45}.Release|Any CPU.ActiveCfg = Release|Any CPU
		{6EA1CE5E-47AB-424D-A6E4-3A047EB5BE45}.Release|Any CPU.Build.0 = Release|Any CPU
		{00AC6449-7DE5-447A-AF15-E13C5A3BA595}.Debug|Any CPU.ActiveCfg = Debug|Any CPU
		{00AC6449-7DE5-447A-AF15-E13C5A3BA595}.Debug|Any CPU.Build.0 = Debug|Any CPU
		{00AC6449-7DE5-447A-AF15-E13C5A3BA595}.Release|Any CPU.ActiveCfg = Release|Any CPU
		{00AC6449-7DE5-447A-AF15-E13C5A3BA595}.Release|Any CPU.Build.0 = Release|Any CPU
		{BF8A1B17-0A7F-4307-A323-6B61F3AA7276}.Debug|Any CPU.ActiveCfg = Debug|Any CPU
		{BF8A1B17-0A7F-4307-A323-6B61F3AA7276}.Debug|Any CPU.Build.0 = Debug|Any CPU
		{BF8A1B17-0A7F-4307-A323-6B61F3AA7276}.Release|Any CPU.ActiveCfg = Release|Any CPU
		{BF8A1B17-0A7F-4307-A323-6B61F3AA7276}.Release|Any CPU.Build.0 = Release|Any CPU
		{50C49320-576C-4757-8ED8-19F6BBF01369}.Debug|Any CPU.ActiveCfg = Debug|Any CPU
		{50C49320-576C-4757-8ED8-19F6BBF01369}.Debug|Any CPU.Build.0 = Debug|Any CPU
		{50C49320-576C-4757-8ED8-19F6BBF01369}.Release|Any CPU.ActiveCfg = Release|Any CPU
		{50C49320-576C-4757-8ED8-19F6BBF01369}.Release|Any CPU.Build.0 = Release|Any CPU
		{FCD5A8F1-CDAF-4A6B-ADE4-69C0BCA808AF}.Debug|Any CPU.ActiveCfg = Debug|Any CPU
		{FCD5A8F1-CDAF-4A6B-ADE4-69C0BCA808AF}.Debug|Any CPU.Build.0 = Debug|Any CPU
		{FCD5A8F1-CDAF-4A6B-ADE4-69C0BCA808AF}.Release|Any CPU.ActiveCfg = Release|Any CPU
		{FCD5A8F1-CDAF-4A6B-ADE4-69C0BCA808AF}.Release|Any CPU.Build.0 = Release|Any CPU
		{861AC96E-934C-47EA-82E1-18B4F27262C3}.Debug|Any CPU.ActiveCfg = Debug|Any CPU
		{861AC96E-934C-47EA-82E1-18B4F27262C3}.Debug|Any CPU.Build.0 = Debug|Any CPU
		{861AC96E-934C-47EA-82E1-18B4F27262C3}.Release|Any CPU.ActiveCfg = Release|Any CPU
		{861AC96E-934C-47EA-82E1-18B4F27262C3}.Release|Any CPU.Build.0 = Release|Any CPU
		{45E65FF8-A3BD-4E6A-931F-D92C6B51A3A6}.Debug|Any CPU.ActiveCfg = Debug|Any CPU
		{45E65FF8-A3BD-4E6A-931F-D92C6B51A3A6}.Debug|Any CPU.Build.0 = Debug|Any CPU
		{45E65FF8-A3BD-4E6A-931F-D92C6B51A3A6}.Release|Any CPU.ActiveCfg = Release|Any CPU
		{45E65FF8-A3BD-4E6A-931F-D92C6B51A3A6}.Release|Any CPU.Build.0 = Release|Any CPU
		{197DA08C-97F3-4C4F-865F-40B910774276}.Debug|Any CPU.ActiveCfg = Debug|Any CPU
		{197DA08C-97F3-4C4F-865F-40B910774276}.Debug|Any CPU.Build.0 = Debug|Any CPU
		{197DA08C-97F3-4C4F-865F-40B910774276}.Release|Any CPU.ActiveCfg = Release|Any CPU
		{197DA08C-97F3-4C4F-865F-40B910774276}.Release|Any CPU.Build.0 = Release|Any CPU
		{D4310A89-A453-4C5C-B4B2-A33CF2A9D1B3}.Debug|Any CPU.ActiveCfg = Debug|Any CPU
		{D4310A89-A453-4C5C-B4B2-A33CF2A9D1B3}.Debug|Any CPU.Build.0 = Debug|Any CPU
		{D4310A89-A453-4C5C-B4B2-A33CF2A9D1B3}.Release|Any CPU.ActiveCfg = Release|Any CPU
		{D4310A89-A453-4C5C-B4B2-A33CF2A9D1B3}.Release|Any CPU.Build.0 = Release|Any CPU
		{33B6387D-AA57-464D-A41A-596EB7ECB1A0}.Debug|Any CPU.ActiveCfg = Debug|Any CPU
		{33B6387D-AA57-464D-A41A-596EB7ECB1A0}.Debug|Any CPU.Build.0 = Debug|Any CPU
		{33B6387D-AA57-464D-A41A-596EB7ECB1A0}.Release|Any CPU.ActiveCfg = Release|Any CPU
		{33B6387D-AA57-464D-A41A-596EB7ECB1A0}.Release|Any CPU.Build.0 = Release|Any CPU
		{FE0FEFCB-748D-41FB-B4AE-454AB017E9BE}.Debug|Any CPU.ActiveCfg = Debug|Any CPU
		{FE0FEFCB-748D-41FB-B4AE-454AB017E9BE}.Debug|Any CPU.Build.0 = Debug|Any CPU
		{FE0FEFCB-748D-41FB-B4AE-454AB017E9BE}.Release|Any CPU.ActiveCfg = Release|Any CPU
		{FE0FEFCB-748D-41FB-B4AE-454AB017E9BE}.Release|Any CPU.Build.0 = Release|Any CPU
		{666066D0-8D9C-4D2D-A586-BD89194137CE}.Debug|Any CPU.ActiveCfg = Debug|Any CPU
		{666066D0-8D9C-4D2D-A586-BD89194137CE}.Debug|Any CPU.Build.0 = Debug|Any CPU
		{666066D0-8D9C-4D2D-A586-BD89194137CE}.Release|Any CPU.ActiveCfg = Release|Any CPU
		{666066D0-8D9C-4D2D-A586-BD89194137CE}.Release|Any CPU.Build.0 = Release|Any CPU
	EndGlobalSection
	GlobalSection(SolutionProperties) = preSolution
		HideSolutionNode = FALSE
	EndGlobalSection
	GlobalSection(NestedProjects) = preSolution
		{6EA1CE5E-47AB-424D-A6E4-3A047EB5BE45} = {B3EFC816-CF27-48BF-9B00-3B6A3EBB8913}
		{00AC6449-7DE5-447A-AF15-E13C5A3BA595} = {B3EFC816-CF27-48BF-9B00-3B6A3EBB8913}
		{BF8A1B17-0A7F-4307-A323-6B61F3AA7276} = {3F8A6DDC-B9F8-438D-9571-27F65CA7FE8B}
		{50C49320-576C-4757-8ED8-19F6BBF01369} = {3F8A6DDC-B9F8-438D-9571-27F65CA7FE8B}
		{FCD5A8F1-CDAF-4A6B-ADE4-69C0BCA808AF} = {3F8A6DDC-B9F8-438D-9571-27F65CA7FE8B}
		{861AC96E-934C-47EA-82E1-18B4F27262C3} = {B3EFC816-CF27-48BF-9B00-3B6A3EBB8913}
		{45E65FF8-A3BD-4E6A-931F-D92C6B51A3A6} = {B3EFC816-CF27-48BF-9B00-3B6A3EBB8913}
		{197DA08C-97F3-4C4F-865F-40B910774276} = {3F8A6DDC-B9F8-438D-9571-27F65CA7FE8B}
		{D4310A89-A453-4C5C-B4B2-A33CF2A9D1B3} = {62115AD2-5369-4FF4-B76F-D058612C41E0}
		{33B6387D-AA57-464D-A41A-596EB7ECB1A0} = {62115AD2-5369-4FF4-B76F-D058612C41E0}
		{FE0FEFCB-748D-41FB-B4AE-454AB017E9BE} = {62115AD2-5369-4FF4-B76F-D058612C41E0}
		{666066D0-8D9C-4D2D-A586-BD89194137CE} = {62115AD2-5369-4FF4-B76F-D058612C41E0}
	EndGlobalSection
	GlobalSection(ExtensibilityGlobals) = postSolution
		SolutionGuid = {1543F82D-16E4-456F-8420-2BAABCCDBD30}
	EndGlobalSection
EndGlobal
